Microsoft Visual Studio Solution File, Format Version 10.00
# Visual Studio 2008
Project("{2150E333-8FDC-42A3-9474-1A3956D46DE8}") = "core", "core", "{F0BDC993-78C0-4872-928F-191F6485E8D6}"
EndProject
Project("{2150E333-8FDC-42A3-9474-1A3956D46DE8}") = "uidemo", "uidemo", "{BC745A3C-537E-4B04-BDCF-44C243F7C010}"
EndProject
Project("{2150E333-8FDC-42A3-9474-1A3956D46DE8}") = "uicore", "uicore", "{A14CAC0B-3E48-42A9-8F3C-535B5ABA95BC}"
EndProject
Project("{8BC9CEB8-8B4A-11D0-8D11-00A0C91BC942}") = "appxtp", "msvc\appxtp_vc90.vcproj", "{8B6E6F3B-4441-4581-83DE-F851F98BF1A5}"
EndProject
Project("{8BC9CEB8-8B4A-11D0-8D11-00A0C91BC942}") = "mfcwnd", "msvc\mfcwnd_vc90.vcproj", "{9A4EEC89-D344-418A-A790-93CA83A9AEDF}"
EndProject
Project("{8BC9CEB8-8B4A-11D0-8D11-00A0C91BC942}") = "uicorextp", "msvc\uicorextp_vc90.vcproj", "{2E66F16C-26B8-43F1-B731-14FA23D3E112}"
EndProject
Project("{8BC9CEB8-8B4A-11D0-8D11-00A0C91BC942}") = "x3manager", "msvc\x3manager_vc90.vcproj", "{55E440C7-B89C-4A2C-A72F-D8EB2D5F7D31}"
EndProject
Project("{8BC9CEB8-8B4A-11D0-8D11-00A0C91BC942}") = "configxml", "msvc\configxml_vc90.vcproj", "{4FC1867D-DA2A-40A1-B2AB-CCD1C099C96C}"
EndProject
Project("{8BC9CEB8-8B4A-11D0-8D11-00A0C91BC942}") = "mfcformvw", "msvc\mfcformvw_vc90.vcproj", "{8C2234A7-EA53-44E8-9F09-78AD14A81C59}"
EndProject
Project("{8BC9CEB8-8B4A-11D0-8D11-00A0C91BC942}") = "cmdhander1", "msvc\cmdhander1_vc90.vcproj", "{311D54A1-578B-4867-B171-A7F3C0E1A446}"
EndProject
Global
	GlobalSection(SolutionConfigurationPlatforms) = preSolution
		Debug|Win32 = Debug|Win32
		Debug|x64 = Debug|x64
		Release|Win32 = Release|Win32
		Release|x64 = Release|x64
	EndGlobalSection
	GlobalSection(ProjectConfigurationPlatforms) = postSolution
		{8B6E6F3B-4441-4581-83DE-F851F98BF1A5}.Debug|Win32.ActiveCfg = Debug|Win32
		{8B6E6F3B-4441-4581-83DE-F851F98BF1A5}.Debug|Win32.Build.0 = Debug|Win32
		{8B6E6F3B-4441-4581-83DE-F851F98BF1A5}.Debug|x64.ActiveCfg = Debug|x64
		{8B6E6F3B-4441-4581-83DE-F851F98BF1A5}.Debug|x64.Build.0 = Debug|x64
		{8B6E6F3B-4441-4581-83DE-F851F98BF1A5}.Release|Win32.ActiveCfg = Release|Win32
		{8B6E6F3B-4441-4581-83DE-F851F98BF1A5}.Release|Win32.Build.0 = Release|Win32
		{8B6E6F3B-4441-4581-83DE-F851F98BF1A5}.Release|x64.ActiveCfg = Release|x64
		{8B6E6F3B-4441-4581-83DE-F851F98BF1A5}.Release|x64.Build.0 = Release|x64
		{9A4EEC89-D344-418A-A790-93CA83A9AEDF}.Debug|Win32.ActiveCfg = Debug|Win32
		{9A4EEC89-D344-418A-A790-93CA83A9AEDF}.Debug|Win32.Build.0 = Debug|Win32
		{9A4EEC89-D344-418A-A790-93CA83A9AEDF}.Debug|x64.ActiveCfg = Debug|x64
		{9A4EEC89-D344-418A-A790-93CA83A9AEDF}.Debug|x64.Build.0 = Debug|x64
		{9A4EEC89-D344-418A-A790-93CA83A9AEDF}.Release|Win32.ActiveCfg = Release|Win32
		{9A4EEC89-D344-418A-A790-93CA83A9AEDF}.Release|Win32.Build.0 = Release|Win32
		{9A4EEC89-D344-418A-A790-93CA83A9AEDF}.Release|x64.ActiveCfg = Release|x64
		{9A4EEC89-D344-418A-A790-93CA83A9AEDF}.Release|x64.Build.0 = Release|x64
		{2E66F16C-26B8-43F1-B731-14FA23D3E112}.Debug|Win32.ActiveCfg = Debug|Win32
		{2E66F16C-26B8-43F1-B731-14FA23D3E112}.Debug|Win32.Build.0 = Debug|Win32
		{2E66F16C-26B8-43F1-B731-14FA23D3E112}.Debug|x64.ActiveCfg = Debug|x64
		{2E66F16C-26B8-43F1-B731-14FA23D3E112}.Debug|x64.Build.0 = Debug|x64
		{2E66F16C-26B8-43F1-B731-14FA23D3E112}.Release|Win32.ActiveCfg = Release|Win32
		{2E66F16C-26B8-43F1-B731-14FA23D3E112}.Release|Win32.Build.0 = Release|Win32
		{2E66F16C-26B8-43F1-B731-14FA23D3E112}.Release|x64.ActiveCfg = Release|x64
		{2E66F16C-26B8-43F1-B731-14FA23D3E112}.Release|x64.Build.0 = Release|x64
		{55E440C7-B89C-4A2C-A72F-D8EB2D5F7D31}.Debug|Win32.ActiveCfg = Debug|Win32
		{55E440C7-B89C-4A2C-A72F-D8EB2D5F7D31}.Debug|Win32.Build.0 = Debug|Win32
		{55E440C7-B89C-4A2C-A72F-D8EB2D5F7D31}.Debug|x64.ActiveCfg = Debug|x64
		{55E440C7-B89C-4A2C-A72F-D8EB2D5F7D31}.Debug|x64.Build.0 = Debug|x64
		{55E440C7-B89C-4A2C-A72F-D8EB2D5F7D31}.Release|Win32.ActiveCfg = Release|Win32
		{55E440C7-B89C-4A2C-A72F-D8EB2D5F7D31}.Release|Win32.Build.0 = Release|Win32
		{55E440C7-B89C-4A2C-A72F-D8EB2D5F7D31}.Release|x64.ActiveCfg = Release|x64
		{55E440C7-B89C-4A2C-A72F-D8EB2D5F7D31}.Release|x64.Build.0 = Release|x64
		{4FC1867D-DA2A-40A1-B2AB-CCD1C099C96C}.Debug|Win32.ActiveCfg = Debug|Win32
		{4FC1867D-DA2A-40A1-B2AB-CCD1C099C96C}.Debug|Win32.Build.0 = Debug|Win32
		{4FC1867D-DA2A-40A1-B2AB-CCD1C099C96C}.Debug|x64.ActiveCfg = Debug|x64
		{4FC1867D-DA2A-40A1-B2AB-CCD1C099C96C}.Debug|x64.Build.0 = Debug|x64
		{4FC1867D-DA2A-40A1-B2AB-CCD1C099C96C}.Release|Win32.ActiveCfg = Release|Win32
		{4FC1867D-DA2A-40A1-B2AB-CCD1C099C96C}.Release|Win32.Build.0 = Release|Win32
		{4FC1867D-DA2A-40A1-B2AB-CCD1C099C96C}.Release|x64.ActiveCfg = Release|x64
		{4FC1867D-DA2A-40A1-B2AB-CCD1C099C96C}.Release|x64.Build.0 = Release|x64
		{8C2234A7-EA53-44E8-9F09-78AD14A81C59}.Debug|Win32.ActiveCfg = Debug|Win32
		{8C2234A7-EA53-44E8-9F09-78AD14A81C59}.Debug|Win32.Build.0 = Debug|Win32
		{8C2234A7-EA53-44E8-9F09-78AD14A81C59}.Debug|x64.ActiveCfg = Debug|x64
		{8C2234A7-EA53-44E8-9F09-78AD14A81C59}.Debug|x64.Build.0 = Debug|x64
		{8C2234A7-EA53-44E8-9F09-78AD14A81C59}.Release|Win32.ActiveCfg = Release|Win32
		{8C2234A7-EA53-44E8-9F09-78AD14A81C59}.Release|Win32.Build.0 = Release|Win32
		{8C2234A7-EA53-44E8-9F09-78AD14A81C59}.Release|x64.ActiveCfg = Release|x64
		{8C2234A7-EA53-44E8-9F09-78AD14A81C59}.Release|x64.Build.0 = Release|x64
		{311D54A1-578B-4867-B171-A7F3C0E1A446}.Debug|Win32.ActiveCfg = Debug|Win32
		{311D54A1-578B-4867-B171-A7F3C0E1A446}.Debug|Win32.Build.0 = Debug|Win32
		{311D54A1-578B-4867-B171-A7F3C0E1A446}.Debug|x64.ActiveCfg = Debug|x64
		{311D54A1-578B-4867-B171-A7F3C0E1A446}.Debug|x64.Build.0 = Debug|x64
		{311D54A1-578B-4867-B171-A7F3C0E1A446}.Release|Win32.ActiveCfg = Release|Win32
		{311D54A1-578B-4867-B171-A7F3C0E1A446}.Release|Win32.Build.0 = Release|Win32
		{311D54A1-578B-4867-B171-A7F3C0E1A446}.Release|x64.ActiveCfg = Release|x64
		{311D54A1-578B-4867-B171-A7F3C0E1A446}.Release|x64.Build.0 = Release|x64
	EndGlobalSection
	GlobalSection(SolutionProperties) = preSolution
		HideSolutionNode = FALSE
	EndGlobalSection
	GlobalSection(NestedProjects) = preSolution
		{55E440C7-B89C-4A2C-A72F-D8EB2D5F7D31} = {F0BDC993-78C0-4872-928F-191F6485E8D6}
		{4FC1867D-DA2A-40A1-B2AB-CCD1C099C96C} = {F0BDC993-78C0-4872-928F-191F6485E8D6}
		{8B6E6F3B-4441-4581-83DE-F851F98BF1A5} = {BC745A3C-537E-4B04-BDCF-44C243F7C010}
		{9A4EEC89-D344-418A-A790-93CA83A9AEDF} = {BC745A3C-537E-4B04-BDCF-44C243F7C010}
		{8C2234A7-EA53-44E8-9F09-78AD14A81C59} = {BC745A3C-537E-4B04-BDCF-44C243F7C010}
		{311D54A1-578B-4867-B171-A7F3C0E1A446} = {BC745A3C-537E-4B04-BDCF-44C243F7C010}
		{2E66F16C-26B8-43F1-B731-14FA23D3E112} = {A14CAC0B-3E48-42A9-8F3C-535B5ABA95BC}
	EndGlobalSection
EndGlobal
